
Microsoft Visual Studio Solution File, Format Version 12.00
# Visual Studio Version 17
VisualStudioVersion = 17.11.35303.130
MinimumVisualStudioVersion = 10.0.40219.1
Project("{8BC9CEB8-8B4A-11D0-8D11-00A0C91BC942}") = "Task 1", "Task 1.vcxproj", "{B86DE5D5-33AC-4092-849C-DF99C4367730}"
EndProject
Global
	GlobalSection(SolutionConfigurationPlatforms) = preSolution
		Debug|x64 = Debug|x64
		Debug|x86 = Debug|x86
		Release|x64 = Release|x64
		Release|x86 = Release|x86
	EndGlobalSection
	GlobalSection(ProjectConfigurationPlatforms) = postSolution
		{B86DE5D5-33AC-4092-849C-DF99C4367730}.Debug|x64.ActiveCfg = Debug|x64
		{B86DE5D5-33AC-4092-849C-DF99C4367730}.Debug|x64.Build.0 = Debug|x64
		{B86DE5D5-33AC-4092-849C-DF99C4367730}.Debug|x86.ActiveCfg = Debug|Win32
		{B86DE5D5-33AC-4092-849C-DF99C4367730}.Debug|x86.Build.0 = Debug|Win32
		{B86DE5D5-33AC-4092-849C-DF99C4367730}.Release|x64.ActiveCfg = Release|x64
		{B86DE5D5-33AC-4092-849C-DF99C4367730}.Release|x64.Build.0 = Release|x64
		{B86DE5D5-33AC-4092-849C-DF99C4367730}.Release|x86.ActiveCfg = Release|Win32
		{B86DE5D5-33AC-4092-849C-DF99C4367730}.Release|x86.Build.0 = Release|Win32
	EndGlobalSection
	GlobalSection(SolutionProperties) = preSolution
		HideSolutionNode = FALSE
	EndGlobalSection
	GlobalSection(ExtensibilityGlobals) = postSolution
		SolutionGuid = {142912F1-084C-47AF-90A4-158B064D021B}
	EndGlobalSection
EndGlobal
