
Microsoft Visual Studio Solution File, Format Version 12.00
# Visual Studio Version 17
VisualStudioVersion = 17.11.35303.130
MinimumVisualStudioVersion = 10.0.40219.1
Project("{8BC9CEB8-8B4A-11D0-8D11-00A0C91BC942}") = "Task 1", "Task 1.vcxproj", "{BB9516AD-8904-43FA-855A-C3120CE4945E}"
EndProject
Global
	GlobalSection(SolutionConfigurationPlatforms) = preSolution
		Debug|x64 = Debug|x64
		Debug|x86 = Debug|x86
		Release|x64 = Release|x64
		Release|x86 = Release|x86
	EndGlobalSection
	GlobalSection(ProjectConfigurationPlatforms) = postSolution
		{BB9516AD-8904-43FA-855A-C3120CE4945E}.Debug|x64.ActiveCfg = Debug|x64
		{BB9516AD-8904-43FA-855A-C3120CE4945E}.Debug|x64.Build.0 = Debug|x64
		{BB9516AD-8904-43FA-855A-C3120CE4945E}.Debug|x86.ActiveCfg = Debug|Win32
		{BB9516AD-8904-43FA-855A-C3120CE4945E}.Debug|x86.Build.0 = Debug|Win32
		{BB9516AD-8904-43FA-855A-C3120CE4945E}.Release|x64.ActiveCfg = Release|x64
		{BB9516AD-8904-43FA-855A-C3120CE4945E}.Release|x64.Build.0 = Release|x64
		{BB9516AD-8904-43FA-855A-C3120CE4945E}.Release|x86.ActiveCfg = Release|Win32
		{BB9516AD-8904-43FA-855A-C3120CE4945E}.Release|x86.Build.0 = Release|Win32
	EndGlobalSection
	GlobalSection(SolutionProperties) = preSolution
		HideSolutionNode = FALSE
	EndGlobalSection
	GlobalSection(ExtensibilityGlobals) = postSolution
		SolutionGuid = {D427ECFA-AF75-4933-8DAF-48C59C48F1E4}
	EndGlobalSection
EndGlobal
